
Microsoft Visual Studio Solution File, Format Version 12.00
# Visual Studio Version 17
VisualStudioVersion = 17.8.34330.188
MinimumVisualStudioVersion = 10.0.40219.1
Project("{9A19103F-16F7-4668-BE54-9A1E7A4F7556}") = "MainApp", "dokumentacjaTestowanie\MainApp.csproj", "{2B7F90B7-E8EC-4276-9B77-A68978A9508D}"
EndProject
Project("{9A19103F-16F7-4668-BE54-9A1E7A4F7556}") = "BusinessLogic", "BusinessLogic\BusinessLogic.csproj", "{A3091237-E411-4339-9B19-8626BDBB9A07}"
EndProject
Global
	GlobalSection(SolutionConfigurationPlatforms) = preSolution
		Debug|Any CPU = Debug|Any CPU
		Release|Any CPU = Release|Any CPU
	EndGlobalSection
	GlobalSection(ProjectConfigurationPlatforms) = postSolution
		{2B7F90B7-E8EC-4276-9B77-A68978A9508D}.Debug|Any CPU.ActiveCfg = Debug|Any CPU
		{2B7F90B7-E8EC-4276-9B77-A68978A9508D}.Debug|Any CPU.Build.0 = Debug|Any CPU
		{2B7F90B7-E8EC-4276-9B77-A68978A9508D}.Release|Any CPU.ActiveCfg = Release|Any CPU
		{2B7F90B7-E8EC-4276-9B77-A68978A9508D}.Release|Any CPU.Build.0 = Release|Any CPU
		{A3091237-E411-4339-9B19-8626BDBB9A07}.Debug|Any CPU.ActiveCfg = Debug|Any CPU
		{A3091237-E411-4339-9B19-8626BDBB9A07}.Debug|Any CPU.Build.0 = Debug|Any CPU
		{A3091237-E411-4339-9B19-8626BDBB9A07}.Release|Any CPU.ActiveCfg = Release|Any CPU
		{A3091237-E411-4339-9B19-8626BDBB9A07}.Release|Any CPU.Build.0 = Release|Any CPU
	EndGlobalSection
	GlobalSection(SolutionProperties) = preSolution
		HideSolutionNode = FALSE
	EndGlobalSection
	GlobalSection(ExtensibilityGlobals) = postSolution
		SolutionGuid = {112E604C-72B9-4F15-B586-A7F91FC9606B}
	EndGlobalSection
EndGlobal
