
Microsoft Visual Studio Solution File, Format Version 12.00
# Visual Studio Version 17
VisualStudioVersion = 17.8.34525.116
MinimumVisualStudioVersion = 10.0.40219.1
Project("{9A19103F-16F7-4668-BE54-9A1E7A4F7556}") = "Anagram", "Anagram.csproj", "{698051AD-76CB-4567-A72F-385AC2458B90}"
EndProject
Project("{9A19103F-16F7-4668-BE54-9A1E7A4F7556}") = "Anagram.Tests", "..\Anagram.Tests\Anagram.Tests.csproj", "{D619D25B-E6C4-4B5A-B8C9-EC84A99C734F}"
EndProject
Project("{FAE04EC0-301F-11D3-BF4B-00C04F79EFBC}") = "Car", "..\Car\Car.csproj", "{7AE0993C-0A37-4003-BC38-7C69CA08B167}"
EndProject
Project("{FAE04EC0-301F-11D3-BF4B-00C04F79EFBC}") = "Car.Tests", "..\Car.Tests\Car.Tests.csproj", "{5F6B48ED-F96C-4A1E-BCCB-AAA8806D60F4}"
EndProject
Global
	GlobalSection(SolutionConfigurationPlatforms) = preSolution
		Debug|Any CPU = Debug|Any CPU
		Release|Any CPU = Release|Any CPU
	EndGlobalSection
	GlobalSection(ProjectConfigurationPlatforms) = postSolution
		{698051AD-76CB-4567-A72F-385AC2458B90}.Debug|Any CPU.ActiveCfg = Debug|Any CPU
		{698051AD-76CB-4567-A72F-385AC2458B90}.Debug|Any CPU.Build.0 = Debug|Any CPU
		{698051AD-76CB-4567-A72F-385AC2458B90}.Release|Any CPU.ActiveCfg = Release|Any CPU
		{698051AD-76CB-4567-A72F-385AC2458B90}.Release|Any CPU.Build.0 = Release|Any CPU
		{D619D25B-E6C4-4B5A-B8C9-EC84A99C734F}.Debug|Any CPU.ActiveCfg = Debug|Any CPU
		{D619D25B-E6C4-4B5A-B8C9-EC84A99C734F}.Debug|Any CPU.Build.0 = Debug|Any CPU
		{D619D25B-E6C4-4B5A-B8C9-EC84A99C734F}.Release|Any CPU.ActiveCfg = Release|Any CPU
		{D619D25B-E6C4-4B5A-B8C9-EC84A99C734F}.Release|Any CPU.Build.0 = Release|Any CPU
		{7AE0993C-0A37-4003-BC38-7C69CA08B167}.Debug|Any CPU.ActiveCfg = Debug|Any CPU
		{7AE0993C-0A37-4003-BC38-7C69CA08B167}.Debug|Any CPU.Build.0 = Debug|Any CPU
		{7AE0993C-0A37-4003-BC38-7C69CA08B167}.Release|Any CPU.ActiveCfg = Release|Any CPU
		{7AE0993C-0A37-4003-BC38-7C69CA08B167}.Release|Any CPU.Build.0 = Release|Any CPU
		{5F6B48ED-F96C-4A1E-BCCB-AAA8806D60F4}.Debug|Any CPU.ActiveCfg = Debug|Any CPU
		{5F6B48ED-F96C-4A1E-BCCB-AAA8806D60F4}.Debug|Any CPU.Build.0 = Debug|Any CPU
		{5F6B48ED-F96C-4A1E-BCCB-AAA8806D60F4}.Release|Any CPU.ActiveCfg = Release|Any CPU
		{5F6B48ED-F96C-4A1E-BCCB-AAA8806D60F4}.Release|Any CPU.Build.0 = Release|Any CPU
	EndGlobalSection
	GlobalSection(SolutionProperties) = preSolution
		HideSolutionNode = FALSE
	EndGlobalSection
	GlobalSection(ExtensibilityGlobals) = postSolution
		SolutionGuid = {EC739376-8604-4C49-B538-EA715E9EB156}
	EndGlobalSection
EndGlobal
